// !$*UTF8*$!
{
	archiveVersion = 1;
	classes = {
	};
	objectVersion = 46;
	objects = {

/* Begin PBXBuildFile section */
		D900092A1A17F81E0026F7C6 /* MapKit.framework in Frameworks */ = {isa = PBXBuildFile; fileRef = D90009291A17F81E0026F7C6 /* MapKit.framework */; };
		D99EF1841A173AF900B19067 /* AppDelegate.swift in Sources */ = {isa = PBXBuildFile; fileRef = D99EF1831A173AF900B19067 /* AppDelegate.swift */; };
		D99EF1861A173AF900B19067 /* ViewController.swift in Sources */ = {isa = PBXBuildFile; fileRef = D99EF1851A173AF900B19067 /* ViewController.swift */; };
		D99EF1891A173AF900B19067 /* Main.storyboard in Resources */ = {isa = PBXBuildFile; fileRef = D99EF1871A173AF900B19067 /* Main.storyboard */; };
		D99EF18B1A173AF900B19067 /* Images.xcassets in Resources */ = {isa = PBXBuildFile; fileRef = D99EF18A1A173AF900B19067 /* Images.xcassets */; };
		D99EF18E1A173AF900B19067 /* LaunchScreen.xib in Resources */ = {isa = PBXBuildFile; fileRef = D99EF18C1A173AF900B19067 /* LaunchScreen.xib */; };
		D99EF19A1A173AF900B19067 /* FrooderTests.swift in Sources */ = {isa = PBXBuildFile; fileRef = D99EF1991A173AF900B19067 /* FrooderTests.swift */; };
		D99EF1A41A173B1300B19067 /* AudioToolbox.framework in Frameworks */ = {isa = PBXBuildFile; fileRef = D99EF1A31A173B1300B19067 /* AudioToolbox.framework */; };
		D99EF1A61A173B1800B19067 /* CFNetwork.framework in Frameworks */ = {isa = PBXBuildFile; fileRef = D99EF1A51A173B1800B19067 /* CFNetwork.framework */; };
		D99EF1A81A173B2000B19067 /* CoreGraphics.framework in Frameworks */ = {isa = PBXBuildFile; fileRef = D99EF1A71A173B2000B19067 /* CoreGraphics.framework */; };
		D99EF1AA1A173B2600B19067 /* CoreLocation.framework in Frameworks */ = {isa = PBXBuildFile; fileRef = D99EF1A91A173B2600B19067 /* CoreLocation.framework */; };
		D99EF1AC1A173B3A00B19067 /* libz.dylib in Frameworks */ = {isa = PBXBuildFile; fileRef = D99EF1AB1A173B3A00B19067 /* libz.dylib */; };
		D99EF1AE1A173B4000B19067 /* MobileCoreServices.framework in Frameworks */ = {isa = PBXBuildFile; fileRef = D99EF1AD1A173B4000B19067 /* MobileCoreServices.framework */; };
		D99EF1B01A173B4500B19067 /* QuartzCore.framework in Frameworks */ = {isa = PBXBuildFile; fileRef = D99EF1AF1A173B4500B19067 /* QuartzCore.framework */; };
		D99EF1B21A173B4B00B19067 /* Security.framework in Frameworks */ = {isa = PBXBuildFile; fileRef = D99EF1B11A173B4B00B19067 /* Security.framework */; };
		D99EF1B61A173B5900B19067 /* SystemConfiguration.framework in Frameworks */ = {isa = PBXBuildFile; fileRef = D99EF1B51A173B5900B19067 /* SystemConfiguration.framework */; };
		D9DCCCAF1A180A66009DD745 /* Bolts.framework in Frameworks */ = {isa = PBXBuildFile; fileRef = D9DCCCAB1A180A66009DD745 /* Bolts.framework */; };
		D9DCCCB01A180A66009DD745 /* Parse.framework in Frameworks */ = {isa = PBXBuildFile; fileRef = D9DCCCAC1A180A66009DD745 /* Parse.framework */; };
		D9DCCCB11A180A66009DD745 /* ParseFacebookUtils.framework in Frameworks */ = {isa = PBXBuildFile; fileRef = D9DCCCAD1A180A66009DD745 /* ParseFacebookUtils.framework */; };
		D9DCCCB21A180A66009DD745 /* ParseUI.framework in Frameworks */ = {isa = PBXBuildFile; fileRef = D9DCCCAE1A180A66009DD745 /* ParseUI.framework */; };
		D9DCCCB41A180B32009DD745 /* addFoodViewController.swift in Sources */ = {isa = PBXBuildFile; fileRef = D9DCCCB31A180B32009DD745 /* addFoodViewController.swift */; };
		D9DCCCBA1A180C05009DD745 /* availableFoodViewController.swift in Sources */ = {isa = PBXBuildFile; fileRef = D9DCCCB91A180C05009DD745 /* availableFoodViewController.swift */; };
		D9DCCCBC1A180C4B009DD745 /* settingsViewController.swift in Sources */ = {isa = PBXBuildFile; fileRef = D9DCCCBB1A180C4B009DD745 /* settingsViewController.swift */; };
		D9DCCCBE1A1815F6009DD745 /* TabBarController.swift in Sources */ = {isa = PBXBuildFile; fileRef = D9DCCCBD1A1815F6009DD745 /* TabBarController.swift */; };
/* End PBXBuildFile section */

/* Begin PBXContainerItemProxy section */
		D99EF1941A173AF900B19067 /* PBXContainerItemProxy */ = {
			isa = PBXContainerItemProxy;
			containerPortal = D99EF1761A173AF900B19067 /* Project object */;
			proxyType = 1;
			remoteGlobalIDString = D99EF17D1A173AF900B19067;
			remoteInfo = Frooder;
		};
/* End PBXContainerItemProxy section */

/* Begin PBXFileReference section */
		D90009291A17F81E0026F7C6 /* MapKit.framework */ = {isa = PBXFileReference; lastKnownFileType = wrapper.framework; name = MapKit.framework; path = System/Library/Frameworks/MapKit.framework; sourceTree = SDKROOT; };
		D99EF17E1A173AF900B19067 /* Frooder.app */ = {isa = PBXFileReference; explicitFileType = wrapper.application; includeInIndex = 0; path = Frooder.app; sourceTree = BUILT_PRODUCTS_DIR; };
		D99EF1821A173AF900B19067 /* Info.plist */ = {isa = PBXFileReference; lastKnownFileType = text.plist.xml; path = Info.plist; sourceTree = "<group>"; };
		D99EF1831A173AF900B19067 /* AppDelegate.swift */ = {isa = PBXFileReference; lastKnownFileType = sourcecode.swift; path = AppDelegate.swift; sourceTree = "<group>"; };
		D99EF1851A173AF900B19067 /* ViewController.swift */ = {isa = PBXFileReference; lastKnownFileType = sourcecode.swift; path = ViewController.swift; sourceTree = "<group>"; };
		D99EF1881A173AF900B19067 /* Base */ = {isa = PBXFileReference; lastKnownFileType = file.storyboard; name = Base; path = Base.lproj/Main.storyboard; sourceTree = "<group>"; };
		D99EF18A1A173AF900B19067 /* Images.xcassets */ = {isa = PBXFileReference; lastKnownFileType = folder.assetcatalog; path = Images.xcassets; sourceTree = "<group>"; };
		D99EF18D1A173AF900B19067 /* Base */ = {isa = PBXFileReference; lastKnownFileType = file.xib; name = Base; path = Base.lproj/LaunchScreen.xib; sourceTree = "<group>"; };
		D99EF1931A173AF900B19067 /* FrooderTests.xctest */ = {isa = PBXFileReference; explicitFileType = wrapper.cfbundle; includeInIndex = 0; path = FrooderTests.xctest; sourceTree = BUILT_PRODUCTS_DIR; };
		D99EF1981A173AF900B19067 /* Info.plist */ = {isa = PBXFileReference; lastKnownFileType = text.plist.xml; path = Info.plist; sourceTree = "<group>"; };
		D99EF1991A173AF900B19067 /* FrooderTests.swift */ = {isa = PBXFileReference; lastKnownFileType = sourcecode.swift; path = FrooderTests.swift; sourceTree = "<group>"; };
		D99EF1A31A173B1300B19067 /* AudioToolbox.framework */ = {isa = PBXFileReference; lastKnownFileType = wrapper.framework; name = AudioToolbox.framework; path = System/Library/Frameworks/AudioToolbox.framework; sourceTree = SDKROOT; };
		D99EF1A51A173B1800B19067 /* CFNetwork.framework */ = {isa = PBXFileReference; lastKnownFileType = wrapper.framework; name = CFNetwork.framework; path = System/Library/Frameworks/CFNetwork.framework; sourceTree = SDKROOT; };
		D99EF1A71A173B2000B19067 /* CoreGraphics.framework */ = {isa = PBXFileReference; lastKnownFileType = wrapper.framework; name = CoreGraphics.framework; path = System/Library/Frameworks/CoreGraphics.framework; sourceTree = SDKROOT; };
		D99EF1A91A173B2600B19067 /* CoreLocation.framework */ = {isa = PBXFileReference; lastKnownFileType = wrapper.framework; name = CoreLocation.framework; path = System/Library/Frameworks/CoreLocation.framework; sourceTree = SDKROOT; };
		D99EF1AB1A173B3A00B19067 /* libz.dylib */ = {isa = PBXFileReference; lastKnownFileType = "compiled.mach-o.dylib"; name = libz.dylib; path = usr/lib/libz.dylib; sourceTree = SDKROOT; };
		D99EF1AD1A173B4000B19067 /* MobileCoreServices.framework */ = {isa = PBXFileReference; lastKnownFileType = wrapper.framework; name = MobileCoreServices.framework; path = System/Library/Frameworks/MobileCoreServices.framework; sourceTree = SDKROOT; };
		D99EF1AF1A173B4500B19067 /* QuartzCore.framework */ = {isa = PBXFileReference; lastKnownFileType = wrapper.framework; name = QuartzCore.framework; path = System/Library/Frameworks/QuartzCore.framework; sourceTree = SDKROOT; };
		D99EF1B11A173B4B00B19067 /* Security.framework */ = {isa = PBXFileReference; lastKnownFileType = wrapper.framework; name = Security.framework; path = System/Library/Frameworks/Security.framework; sourceTree = SDKROOT; };
		D99EF1B51A173B5900B19067 /* SystemConfiguration.framework */ = {isa = PBXFileReference; lastKnownFileType = wrapper.framework; name = SystemConfiguration.framework; path = System/Library/Frameworks/SystemConfiguration.framework; sourceTree = SDKROOT; };
		D99EF1B91A173B7E00B19067 /* Frooder-Bridging-Header.h */ = {isa = PBXFileReference; lastKnownFileType = sourcecode.c.h; path = "Frooder-Bridging-Header.h"; sourceTree = "<group>"; };
		D9DCCCAB1A180A66009DD745 /* Bolts.framework */ = {isa = PBXFileReference; lastKnownFileType = wrapper.framework; name = Bolts.framework; path = "../../Downloads/parse-library-1.5.0/Bolts.framework"; sourceTree = "<group>"; };
		D9DCCCAC1A180A66009DD745 /* Parse.framework */ = {isa = PBXFileReference; lastKnownFileType = wrapper.framework; name = Parse.framework; path = "../../Downloads/parse-library-1.5.0/Parse.framework"; sourceTree = "<group>"; };
		D9DCCCAD1A180A66009DD745 /* ParseFacebookUtils.framework */ = {isa = PBXFileReference; lastKnownFileType = wrapper.framework; name = ParseFacebookUtils.framework; path = "../../Downloads/parse-library-1.5.0/ParseFacebookUtils.framework"; sourceTree = "<group>"; };
		D9DCCCAE1A180A66009DD745 /* ParseUI.framework */ = {isa = PBXFileReference; lastKnownFileType = wrapper.framework; name = ParseUI.framework; path = "../../Downloads/parse-library-1.5.0/ParseUI.framework"; sourceTree = "<group>"; };
		D9DCCCB31A180B32009DD745 /* addFoodViewController.swift */ = {isa = PBXFileReference; fileEncoding = 4; lastKnownFileType = sourcecode.swift; path = addFoodViewController.swift; sourceTree = "<group>"; };
		D9DCCCB91A180C05009DD745 /* availableFoodViewController.swift */ = {isa = PBXFileReference; fileEncoding = 4; lastKnownFileType = sourcecode.swift; path = availableFoodViewController.swift; sourceTree = "<group>"; };
		D9DCCCBB1A180C4B009DD745 /* settingsViewController.swift */ = {isa = PBXFileReference; fileEncoding = 4; lastKnownFileType = sourcecode.swift; path = settingsViewController.swift; sourceTree = "<group>"; };
		D9DCCCBD1A1815F6009DD745 /* TabBarController.swift */ = {isa = PBXFileReference; fileEncoding = 4; lastKnownFileType = sourcecode.swift; path = TabBarController.swift; sourceTree = "<group>"; };
/* End PBXFileReference section */

/* Begin PBXFrameworksBuildPhase section */
		D99EF17B1A173AF900B19067 /* Frameworks */ = {
			isa = PBXFrameworksBuildPhase;
			buildActionMask = 2147483647;
			files = (
				D99EF1B61A173B5900B19067 /* SystemConfiguration.framework in Frameworks */,
				D99EF1B21A173B4B00B19067 /* Security.framework in Frameworks */,
				D99EF1B01A173B4500B19067 /* QuartzCore.framework in Frameworks */,
				D99EF1AE1A173B4000B19067 /* MobileCoreServices.framework in Frameworks */,
				D900092A1A17F81E0026F7C6 /* MapKit.framework in Frameworks */,
				D99EF1AC1A173B3A00B19067 /* libz.dylib in Frameworks */,
				D99EF1AA1A173B2600B19067 /* CoreLocation.framework in Frameworks */,
				D99EF1A81A173B2000B19067 /* CoreGraphics.framework in Frameworks */,
				D99EF1A61A173B1800B19067 /* CFNetwork.framework in Frameworks */,
				D99EF1A41A173B1300B19067 /* AudioToolbox.framework in Frameworks */,
				D9DCCCAF1A180A66009DD745 /* Bolts.framework in Frameworks */,
				D9DCCCB01A180A66009DD745 /* Parse.framework in Frameworks */,
				D9DCCCB11A180A66009DD745 /* ParseFacebookUtils.framework in Frameworks */,
				D9DCCCB21A180A66009DD745 /* ParseUI.framework in Frameworks */,
			);
			runOnlyForDeploymentPostprocessing = 0;
		};
		D99EF1901A173AF900B19067 /* Frameworks */ = {
			isa = PBXFrameworksBuildPhase;
			buildActionMask = 2147483647;
			files = (
			);
			runOnlyForDeploymentPostprocessing = 0;
		};
/* End PBXFrameworksBuildPhase section */

/* Begin PBXGroup section */
		D99EF1751A173AF900B19067 = {
			isa = PBXGroup;
			children = (
				D9DCCCAB1A180A66009DD745 /* Bolts.framework */,
				D9DCCCAC1A180A66009DD745 /* Parse.framework */,
				D9DCCCAD1A180A66009DD745 /* ParseFacebookUtils.framework */,
				D9DCCCAE1A180A66009DD745 /* ParseUI.framework */,
				D90009291A17F81E0026F7C6 /* MapKit.framework */,
				D99EF1B51A173B5900B19067 /* SystemConfiguration.framework */,
				D99EF1B11A173B4B00B19067 /* Security.framework */,
				D99EF1AF1A173B4500B19067 /* QuartzCore.framework */,
				D99EF1AD1A173B4000B19067 /* MobileCoreServices.framework */,
				D99EF1AB1A173B3A00B19067 /* libz.dylib */,
				D99EF1A91A173B2600B19067 /* CoreLocation.framework */,
				D99EF1A71A173B2000B19067 /* CoreGraphics.framework */,
				D99EF1A51A173B1800B19067 /* CFNetwork.framework */,
				D99EF1A31A173B1300B19067 /* AudioToolbox.framework */,
				D99EF1801A173AF900B19067 /* Frooder */,
				D99EF1961A173AF900B19067 /* FrooderTests */,
				D99EF17F1A173AF900B19067 /* Products */,
				D99EF1B91A173B7E00B19067 /* Frooder-Bridging-Header.h */,
			);
			sourceTree = "<group>";
		};
		D99EF17F1A173AF900B19067 /* Products */ = {
			isa = PBXGroup;
			children = (
				D99EF17E1A173AF900B19067 /* Frooder.app */,
				D99EF1931A173AF900B19067 /* FrooderTests.xctest */,
			);
			name = Products;
			sourceTree = "<group>";
		};
		D99EF1801A173AF900B19067 /* Frooder */ = {
			isa = PBXGroup;
			children = (
				D99EF1831A173AF900B19067 /* AppDelegate.swift */,
				D99EF1851A173AF900B19067 /* ViewController.swift */,
				D9DCCCB91A180C05009DD745 /* availableFoodViewController.swift */,
				D9DCCCB31A180B32009DD745 /* addFoodViewController.swift */,
				D9DCCCBB1A180C4B009DD745 /* settingsViewController.swift */,
				D9DCCCBD1A1815F6009DD745 /* TabBarController.swift */,
				D99EF1871A173AF900B19067 /* Main.storyboard */,
				D99EF18A1A173AF900B19067 /* Images.xcassets */,
				D99EF18C1A173AF900B19067 /* LaunchScreen.xib */,
				D99EF1811A173AF900B19067 /* Supporting Files */,
			);
			path = Frooder;
			sourceTree = "<group>";
		};
		D99EF1811A173AF900B19067 /* Supporting Files */ = {
			isa = PBXGroup;
			children = (
				D99EF1821A173AF900B19067 /* Info.plist */,
			);
			name = "Supporting Files";
			sourceTree = "<group>";
		};
		D99EF1961A173AF900B19067 /* FrooderTests */ = {
			isa = PBXGroup;
			children = (
				D99EF1991A173AF900B19067 /* FrooderTests.swift */,
				D99EF1971A173AF900B19067 /* Supporting Files */,
			);
			path = FrooderTests;
			sourceTree = "<group>";
		};
		D99EF1971A173AF900B19067 /* Supporting Files */ = {
			isa = PBXGroup;
			children = (
				D99EF1981A173AF900B19067 /* Info.plist */,
			);
			name = "Supporting Files";
			sourceTree = "<group>";
		};
/* End PBXGroup section */

/* Begin PBXNativeTarget section */
		D99EF17D1A173AF900B19067 /* Frooder */ = {
			isa = PBXNativeTarget;
			buildConfigurationList = D99EF19D1A173AF900B19067 /* Build configuration list for PBXNativeTarget "Frooder" */;
			buildPhases = (
				D99EF17A1A173AF900B19067 /* Sources */,
				D99EF17B1A173AF900B19067 /* Frameworks */,
				D99EF17C1A173AF900B19067 /* Resources */,
			);
			buildRules = (
			);
			dependencies = (
			);
			name = Frooder;
			productName = Frooder;
			productReference = D99EF17E1A173AF900B19067 /* Frooder.app */;
			productType = "com.apple.product-type.application";
		};
		D99EF1921A173AF900B19067 /* FrooderTests */ = {
			isa = PBXNativeTarget;
			buildConfigurationList = D99EF1A01A173AF900B19067 /* Build configuration list for PBXNativeTarget "FrooderTests" */;
			buildPhases = (
				D99EF18F1A173AF900B19067 /* Sources */,
				D99EF1901A173AF900B19067 /* Frameworks */,
				D99EF1911A173AF900B19067 /* Resources */,
			);
			buildRules = (
			);
			dependencies = (
				D99EF1951A173AF900B19067 /* PBXTargetDependency */,
			);
			name = FrooderTests;
			productName = FrooderTests;
			productReference = D99EF1931A173AF900B19067 /* FrooderTests.xctest */;
			productType = "com.apple.product-type.bundle.unit-test";
		};
/* End PBXNativeTarget section */

/* Begin PBXProject section */
		D99EF1761A173AF900B19067 /* Project object */ = {
			isa = PBXProject;
			attributes = {
				LastUpgradeCheck = 0610;
				ORGANIZATIONNAME = "Neeraj Bajpayee";
				TargetAttributes = {
					D99EF17D1A173AF900B19067 = {
						CreatedOnToolsVersion = 6.1;
						DevelopmentTeam = 2S3D8J8M3T;
						SystemCapabilities = {
							com.apple.InAppPurchase = {
								enabled = 0;
							};
							com.apple.Maps.iOS = {
								enabled = 1;
							};
						};
					};
					D99EF1921A173AF900B19067 = {
						CreatedOnToolsVersion = 6.1;
						TestTargetID = D99EF17D1A173AF900B19067;
					};
				};
			};
			buildConfigurationList = D99EF1791A173AF900B19067 /* Build configuration list for PBXProject "Frooder" */;
			compatibilityVersion = "Xcode 3.2";
			developmentRegion = English;
			hasScannedForEncodings = 0;
			knownRegions = (
				en,
				Base,
			);
			mainGroup = D99EF1751A173AF900B19067;
			productRefGroup = D99EF17F1A173AF900B19067 /* Products */;
			projectDirPath = "";
			projectRoot = "";
			targets = (
				D99EF17D1A173AF900B19067 /* Frooder */,
				D99EF1921A173AF900B19067 /* FrooderTests */,
			);
		};
/* End PBXProject section */

/* Begin PBXResourcesBuildPhase section */
		D99EF17C1A173AF900B19067 /* Resources */ = {
			isa = PBXResourcesBuildPhase;
			buildActionMask = 2147483647;
			files = (
				D99EF1891A173AF900B19067 /* Main.storyboard in Resources */,
				D99EF18E1A173AF900B19067 /* LaunchScreen.xib in Resources */,
				D99EF18B1A173AF900B19067 /* Images.xcassets in Resources */,
			);
			runOnlyForDeploymentPostprocessing = 0;
		};
		D99EF1911A173AF900B19067 /* Resources */ = {
			isa = PBXResourcesBuildPhase;
			buildActionMask = 2147483647;
			files = (
			);
			runOnlyForDeploymentPostprocessing = 0;
		};
/* End PBXResourcesBuildPhase section */

/* Begin PBXSourcesBuildPhase section */
		D99EF17A1A173AF900B19067 /* Sources */ = {
			isa = PBXSourcesBuildPhase;
			buildActionMask = 2147483647;
			files = (
				D9DCCCBC1A180C4B009DD745 /* settingsViewController.swift in Sources */,
				D9DCCCBA1A180C05009DD745 /* availableFoodViewController.swift in Sources */,
				D9DCCCB41A180B32009DD745 /* addFoodViewController.swift in Sources */,
				D9DCCCBE1A1815F6009DD745 /* TabBarController.swift in Sources */,
				D99EF1861A173AF900B19067 /* ViewController.swift in Sources */,
				D99EF1841A173AF900B19067 /* AppDelegate.swift in Sources */,
			);
			runOnlyForDeploymentPostprocessing = 0;
		};
		D99EF18F1A173AF900B19067 /* Sources */ = {
			isa = PBXSourcesBuildPhase;
			buildActionMask = 2147483647;
			files = (
				D99EF19A1A173AF900B19067 /* FrooderTests.swift in Sources */,
			);
			runOnlyForDeploymentPostprocessing = 0;
		};
/* End PBXSourcesBuildPhase section */

/* Begin PBXTargetDependency section */
		D99EF1951A173AF900B19067 /* PBXTargetDependency */ = {
			isa = PBXTargetDependency;
			target = D99EF17D1A173AF900B19067 /* Frooder */;
			targetProxy = D99EF1941A173AF900B19067 /* PBXContainerItemProxy */;
		};
/* End PBXTargetDependency section */

/* Begin PBXVariantGroup section */
		D99EF1871A173AF900B19067 /* Main.storyboard */ = {
			isa = PBXVariantGroup;
			children = (
				D99EF1881A173AF900B19067 /* Base */,
			);
			name = Main.storyboard;
			sourceTree = "<group>";
		};
		D99EF18C1A173AF900B19067 /* LaunchScreen.xib */ = {
			isa = PBXVariantGroup;
			children = (
				D99EF18D1A173AF900B19067 /* Base */,
			);
			name = LaunchScreen.xib;
			sourceTree = "<group>";
		};
/* End PBXVariantGroup section */

/* Begin XCBuildConfiguration section */
		D99EF19B1A173AF900B19067 /* Debug */ = {
			isa = XCBuildConfiguration;
			buildSettings = {
				ALWAYS_SEARCH_USER_PATHS = NO;
				CLANG_CXX_LANGUAGE_STANDARD = "gnu++0x";
				CLANG_CXX_LIBRARY = "libc++";
				CLANG_ENABLE_MODULES = YES;
				CLANG_ENABLE_OBJC_ARC = YES;
				CLANG_WARN_BOOL_CONVERSION = YES;
				CLANG_WARN_CONSTANT_CONVERSION = YES;
				CLANG_WARN_DIRECT_OBJC_ISA_USAGE = YES_ERROR;
				CLANG_WARN_EMPTY_BODY = YES;
				CLANG_WARN_ENUM_CONVERSION = YES;
				CLANG_WARN_INT_CONVERSION = YES;
				CLANG_WARN_OBJC_ROOT_CLASS = YES_ERROR;
				CLANG_WARN_UNREACHABLE_CODE = YES;
				CLANG_WARN__DUPLICATE_METHOD_MATCH = YES;
				CODE_SIGN_IDENTITY = "iOS Development: Neeraj Bajpayee (7ZB9247N86)";
				"CODE_SIGN_IDENTITY[sdk=iphoneos*]" = "iOS Development: Neeraj Bajpayee (7ZB9247N86)";
				COPY_PHASE_STRIP = NO;
				ENABLE_STRICT_OBJC_MSGSEND = YES;
				GCC_C_LANGUAGE_STANDARD = gnu99;
				GCC_DYNAMIC_NO_PIC = NO;
				GCC_OPTIMIZATION_LEVEL = 0;
				GCC_PREPROCESSOR_DEFINITIONS = (
					"DEBUG=1",
					"$(inherited)",
				);
				GCC_SYMBOLS_PRIVATE_EXTERN = NO;
				GCC_WARN_64_TO_32_BIT_CONVERSION = YES;
				GCC_WARN_ABOUT_RETURN_TYPE = YES_ERROR;
				GCC_WARN_UNDECLARED_SELECTOR = YES;
				GCC_WARN_UNINITIALIZED_AUTOS = YES_AGGRESSIVE;
				GCC_WARN_UNUSED_FUNCTION = YES;
				GCC_WARN_UNUSED_VARIABLE = YES;
				IPHONEOS_DEPLOYMENT_TARGET = 8.1;
				MTL_ENABLE_DEBUG_INFO = YES;
				ONLY_ACTIVE_ARCH = YES;
				SDKROOT = iphoneos;
				SWIFT_OPTIMIZATION_LEVEL = "-Onone";
				TARGETED_DEVICE_FAMILY = "1,2";
			};
			name = Debug;
		};
		D99EF19C1A173AF900B19067 /* Release */ = {
			isa = XCBuildConfiguration;
			buildSettings = {
				ALWAYS_SEARCH_USER_PATHS = NO;
				CLANG_CXX_LANGUAGE_STANDARD = "gnu++0x";
				CLANG_CXX_LIBRARY = "libc++";
				CLANG_ENABLE_MODULES = YES;
				CLANG_ENABLE_OBJC_ARC = YES;
				CLANG_WARN_BOOL_CONVERSION = YES;
				CLANG_WARN_CONSTANT_CONVERSION = YES;
				CLANG_WARN_DIRECT_OBJC_ISA_USAGE = YES_ERROR;
				CLANG_WARN_EMPTY_BODY = YES;
				CLANG_WARN_ENUM_CONVERSION = YES;
				CLANG_WARN_INT_CONVERSION = YES;
				CLANG_WARN_OBJC_ROOT_CLASS = YES_ERROR;
				CLANG_WARN_UNREACHABLE_CODE = YES;
				CLANG_WARN__DUPLICATE_METHOD_MATCH = YES;
				CODE_SIGN_IDENTITY = "iOS Development: Neeraj Bajpayee (7ZB9247N86)";
				"CODE_SIGN_IDENTITY[sdk=iphoneos*]" = "iOS Development: Neeraj Bajpayee (7ZB9247N86)";
				COPY_PHASE_STRIP = YES;
				ENABLE_NS_ASSERTIONS = NO;
				ENABLE_STRICT_OBJC_MSGSEND = YES;
				GCC_C_LANGUAGE_STANDARD = gnu99;
				GCC_WARN_64_TO_32_BIT_CONVERSION = YES;
				GCC_WARN_ABOUT_RETURN_TYPE = YES_ERROR;
				GCC_WARN_UNDECLARED_SELECTOR = YES;
				GCC_WARN_UNINITIALIZED_AUTOS = YES_AGGRESSIVE;
				GCC_WARN_UNUSED_FUNCTION = YES;
				GCC_WARN_UNUSED_VARIABLE = YES;
				IPHONEOS_DEPLOYMENT_TARGET = 8.1;
				MTL_ENABLE_DEBUG_INFO = NO;
				SDKROOT = iphoneos;
				TARGETED_DEVICE_FAMILY = "1,2";
				VALIDATE_PRODUCT = YES;
			};
			name = Release;
		};
		D99EF19E1A173AF900B19067 /* Debug */ = {
			isa = XCBuildConfiguration;
			buildSettings = {
				ASSETCATALOG_COMPILER_APPICON_NAME = AppIcon;
				CLANG_ENABLE_MODULES = YES;
				CODE_SIGN_IDENTITY = "iOS Development: Neeraj Bajpayee (7ZB9247N86)";
				EMBEDDED_CONTENT_CONTAINS_SWIFT = YES;
				FRAMEWORK_SEARCH_PATHS = (
					"$(inherited)",
					"/Users/Swati/Downloads/parse-library-1.5.0",
					"/Users/Samy/Downloads/parse-library-1.5.0",
					"(1)",
				);
				INFOPLIST_FILE = Frooder/Info.plist;
				IPHONEOS_DEPLOYMENT_TARGET = 8.1;
				LD_RUNPATH_SEARCH_PATHS = "$(inherited) @executable_path/Frameworks";
				PRODUCT_NAME = "$(TARGET_NAME)";
				PROVISIONING_PROFILE = "cfcb7507-113e-4c1c-9e0d-c88583721da7";
				STRIP_INSTALLED_PRODUCT = NO;
				STRIP_STYLE = all;
				SWIFT_OBJC_BRIDGING_HEADER = "Frooder-Bridging-Header.h";
				SWIFT_OPTIMIZATION_LEVEL = "-Onone";
			};
			name = Debug;
		};
		D99EF19F1A173AF900B19067 /* Release */ = {
			isa = XCBuildConfiguration;
			buildSettings = {
				ASSETCATALOG_COMPILER_APPICON_NAME = AppIcon;
				CLANG_ENABLE_MODULES = YES;
				CODE_SIGN_IDENTITY = "iOS Development: Neeraj Bajpayee (7ZB9247N86)";
				EMBEDDED_CONTENT_CONTAINS_SWIFT = YES;
				FRAMEWORK_SEARCH_PATHS = (
					"$(inherited)",
					"/Users/Swati/Downloads/parse-library-1.5.0",
					"/Users/Samy/Downloads/parse-library-1.5.0",
					"(1)",
				);
				INFOPLIST_FILE = Frooder/Info.plist;
				IPHONEOS_DEPLOYMENT_TARGET = 8.1;
				LD_RUNPATH_SEARCH_PATHS = "$(inherited) @executable_path/Frameworks";
				PRODUCT_NAME = "$(TARGET_NAME)";
				PROVISIONING_PROFILE = "cfcb7507-113e-4c1c-9e0d-c88583721da7";
				STRIP_INSTALLED_PRODUCT = NO;
				STRIP_STYLE = all;
				SWIFT_OBJC_BRIDGING_HEADER = "Frooder-Bridging-Header.h";
			};
			name = Release;
		};
		D99EF1A11A173AF900B19067 /* Debug */ = {
			isa = XCBuildConfiguration;
			buildSettings = {
				BUNDLE_LOADER = "$(TEST_HOST)";
				FRAMEWORK_SEARCH_PATHS = (
					"$(SDKROOT)/Developer/Library/Frameworks",
					"$(inherited)",
				);
				GCC_PREPROCESSOR_DEFINITIONS = (
					"DEBUG=1",
					"$(inherited)",
				);
				INFOPLIST_FILE = FrooderTests/Info.plist;
				LD_RUNPATH_SEARCH_PATHS = "$(inherited) @executable_path/Frameworks @loader_path/Frameworks";
				PRODUCT_NAME = "$(TARGET_NAME)";
				TEST_HOST = "$(BUILT_PRODUCTS_DIR)/Frooder.app/Frooder";
			};
			name = Debug;
		};
		D99EF1A21A173AF900B19067 /* Release */ = {
			isa = XCBuildConfiguration;
			buildSettings = {
				BUNDLE_LOADER = "$(TEST_HOST)";
				FRAMEWORK_SEARCH_PATHS = (
					"$(SDKROOT)/Developer/Library/Frameworks",
					"$(inherited)",
				);
				INFOPLIST_FILE = FrooderTests/Info.plist;
				LD_RUNPATH_SEARCH_PATHS = "$(inherited) @executable_path/Frameworks @loader_path/Frameworks";
				PRODUCT_NAME = "$(TARGET_NAME)";
				TEST_HOST = "$(BUILT_PRODUCTS_DIR)/Frooder.app/Frooder";
			};
			name = Release;
		};
/* End XCBuildConfiguration section */

/* Begin XCConfigurationList section */
		D99EF1791A173AF900B19067 /* Build configuration list for PBXProject "Frooder" */ = {
			isa = XCConfigurationList;
			buildConfigurations = (
				D99EF19B1A173AF900B19067 /* Debug */,
				D99EF19C1A173AF900B19067 /* Release */,
			);
			defaultConfigurationIsVisible = 0;
			defaultConfigurationName = Release;
		};
		D99EF19D1A173AF900B19067 /* Build configuration list for PBXNativeTarget "Frooder" */ = {
			isa = XCConfigurationList;
			buildConfigurations = (
				D99EF19E1A173AF900B19067 /* Debug */,
				D99EF19F1A173AF900B19067 /* Release */,
			);
			defaultConfigurationIsVisible = 0;
			defaultConfigurationName = Release;
		};
		D99EF1A01A173AF900B19067 /* Build configuration list for PBXNativeTarget "FrooderTests" */ = {
			isa = XCConfigurationList;
			buildConfigurations = (
				D99EF1A11A173AF900B19067 /* Debug */,
				D99EF1A21A173AF900B19067 /* Release */,
			);
			defaultConfigurationIsVisible = 0;
			defaultConfigurationName = Release;
		};
/* End XCConfigurationList section */
	};
	rootObject = D99EF1761A173AF900B19067 /* Project object */;
}
